<?xml version="1.0" encoding="utf-8"?>
<Project ToolsVersion="4.0" xmlns="http://schemas.microsoft.com/developer/msbuild/2003">
  <ItemGroup>
    <Filter Include="原始程式檔">
      <UniqueIdentifier>{4FC737F1-C7A5-4376-A066-2A32D752A2FF}</UniqueIdentifier>
      <Extensions>cpp;c;cc;cxx;def;odl;idl;hpj;bat;asm;asmx</Extensions>
    </Filter>
    <Filter Include="標頭檔">
      <UniqueIdentifier>{93995380-89BD-4b04-88EB-625FBE52EBFB}</UniqueIdentifier>
      <Extensions>h;hpp;hxx;hm;inl;inc;xsd</Extensions>
    </Filter>
    <Filter Include="資源檔">
      <UniqueIdentifier>{67DA6AB6-F800-4c08-8B7A-83BB121AAD01}</UniqueIdentifier>
      <Extensions>rc;ico;cur;bmp;dlg;rc2;rct;bin;rgs;gif;jpg;jpeg;jpe;resx;tiff;tif;png;wav;mfcribbon-ms</Extensions>
    </Filter>
  </ItemGroup>
  <ItemGroup>
    <ClInclude Include="CaAudio.h">
      <Filter>標頭檔</Filter>
    </ClInclude>
    <ClInclude Include="..\..\..\CiosAudio.hpp">
      <Filter>標頭檔</Filter>
    </ClInclude>
    <ClInclude Include="..\..\..\CiosAudioPrivate.hpp">
      <Filter>標頭檔</Filter>
    </ClInclude>
    <ClInclude Include="..\..\..\Platforms\Skeleton\CaSkeleton.hpp">
      <Filter>標頭檔</Filter>
    </ClInclude>
    <ClInclude Include="..\..\..\Platforms\Windows\CaDirectSound.hpp">
      <Filter>標頭檔</Filter>
    </ClInclude>
    <ClInclude Include="..\..\..\Platforms\Windows\CaFFmpeg.hpp">
      <Filter>標頭檔</Filter>
    </ClInclude>
    <ClInclude Include="..\..\..\Platforms\Windows\CaWaSAPI.hpp">
      <Filter>標頭檔</Filter>
    </ClInclude>
    <ClInclude Include="..\..\..\Platforms\Windows\CaWdmks.hpp">
      <Filter>標頭檔</Filter>
    </ClInclude>
    <ClInclude Include="..\..\..\Platforms\Windows\CaWindows.hpp">
      <Filter>標頭檔</Filter>
    </ClInclude>
    <ClInclude Include="..\..\..\Platforms\Windows\CaWmme.hpp">
      <Filter>標頭檔</Filter>
    </ClInclude>
  </ItemGroup>
  <ItemGroup>
    <ClCompile Include="CaAudio.cpp">
      <Filter>原始程式檔</Filter>
    </ClCompile>
    <ClCompile Include="CaDLL.cpp">
      <Filter>原始程式檔</Filter>
    </ClCompile>
    <ClCompile Include="..\..\..\CaAllocationGroup.cpp">
      <Filter>原始程式檔</Filter>
    </ClCompile>
    <ClCompile Include="..\..\..\CaAllocationLink.cpp">
      <Filter>原始程式檔</Filter>
    </ClCompile>
    <ClCompile Include="..\..\..\CaBuffer.cpp">
      <Filter>原始程式檔</Filter>
    </ClCompile>
    <ClCompile Include="..\..\..\CaConduit.cpp">
      <Filter>原始程式檔</Filter>
    </ClCompile>
    <ClCompile Include="..\..\..\CaConduitFunction.cpp">
      <Filter>原始程式檔</Filter>
    </ClCompile>
    <ClCompile Include="..\..\..\CaConverters.cpp">
      <Filter>原始程式檔</Filter>
    </ClCompile>
    <ClCompile Include="..\..\..\CaCpuLoad.cpp">
      <Filter>原始程式檔</Filter>
    </ClCompile>
    <ClCompile Include="..\..\..\CaDebug.cpp">
      <Filter>原始程式檔</Filter>
    </ClCompile>
    <ClCompile Include="..\..\..\CaDeviceInfo.cpp">
      <Filter>原始程式檔</Filter>
    </ClCompile>
    <ClCompile Include="..\..\..\CaDither.cpp">
      <Filter>原始程式檔</Filter>
    </ClCompile>
    <ClCompile Include="..\..\..\CaHostApi.cpp">
      <Filter>原始程式檔</Filter>
    </ClCompile>
    <ClCompile Include="..\..\..\CaHostApiInfo.cpp">
      <Filter>原始程式檔</Filter>
    </ClCompile>
    <ClCompile Include="..\..\..\CaLinearConduit.cpp">
      <Filter>原始程式檔</Filter>
    </ClCompile>
    <ClCompile Include="..\..\..\CaLoopBuffer.cpp">
      <Filter>原始程式檔</Filter>
    </ClCompile>
    <ClCompile Include="..\..\..\CaMediaCodec.cpp">
      <Filter>原始程式檔</Filter>
    </ClCompile>
    <ClCompile Include="..\..\..\CaRingBuffer.cpp">
      <Filter>原始程式檔</Filter>
    </ClCompile>
    <ClCompile Include="..\..\..\CaStream.cpp">
      <Filter>原始程式檔</Filter>
    </ClCompile>
    <ClCompile Include="..\..\..\CaStreamIO.cpp">
      <Filter>原始程式檔</Filter>
    </ClCompile>
    <ClCompile Include="..\..\..\CaStreamParameters.cpp">
      <Filter>原始程式檔</Filter>
    </ClCompile>
    <ClCompile Include="..\..\..\CiosAudio.cpp">
      <Filter>原始程式檔</Filter>
    </ClCompile>
    <ClCompile Include="..\..\..\Platforms\CaPlatforms.cpp">
      <Filter>原始程式檔</Filter>
    </ClCompile>
    <ClCompile Include="..\..\..\Platforms\CiosMachine.cpp">
      <Filter>原始程式檔</Filter>
    </ClCompile>
    <ClCompile Include="..\..\..\Utilities\BridgeConduit.cpp">
      <Filter>原始程式檔</Filter>
    </ClCompile>
    <ClCompile Include="..\..\..\Utilities\RunMedia.cpp">
      <Filter>原始程式檔</Filter>
    </ClCompile>
    <ClCompile Include="..\..\..\Utilities\Windows\nMutex.cpp">
      <Filter>原始程式檔</Filter>
    </ClCompile>
    <ClCompile Include="..\..\..\Utilities\Windows\nThread.cpp">
      <Filter>原始程式檔</Filter>
    </ClCompile>
    <ClCompile Include="..\..\..\Utilities\Windows\nThreadData.cpp">
      <Filter>原始程式檔</Filter>
    </ClCompile>
    <ClCompile Include="..\..\..\Platforms\Skeleton\CaSkeleton.cpp">
      <Filter>原始程式檔</Filter>
    </ClCompile>
    <ClCompile Include="..\..\..\Platforms\Windows\CaAllocator.cpp">
      <Filter>原始程式檔</Filter>
    </ClCompile>
    <ClCompile Include="..\..\..\Platforms\Windows\CaDirectSound.cpp">
      <Filter>原始程式檔</Filter>
    </ClCompile>
    <ClCompile Include="..\..\..\Platforms\Windows\CaFFmpeg.cpp">
      <Filter>原始程式檔</Filter>
    </ClCompile>
    <ClCompile Include="..\..\..\Platforms\Windows\CaTimer.cpp">
      <Filter>原始程式檔</Filter>
    </ClCompile>
    <ClCompile Include="..\..\..\Platforms\Windows\CaWaSAPI.cpp">
      <Filter>原始程式檔</Filter>
    </ClCompile>
    <ClCompile Include="..\..\..\Platforms\Windows\CaWdmks.cpp">
      <Filter>原始程式檔</Filter>
    </ClCompile>
    <ClCompile Include="..\..\..\Platforms\Windows\CaWindows.cpp">
      <Filter>原始程式檔</Filter>
    </ClCompile>
    <ClCompile Include="..\..\..\Platforms\Windows\CaWmme.cpp">
      <Filter>原始程式檔</Filter>
    </ClCompile>
  </ItemGroup>
  <ItemGroup>
    <None Include="CaAudio.def">
      <Filter>原始程式檔</Filter>
    </None>
  </ItemGroup>
</Project>